// !$*UTF8*$!
{
	archiveVersion = 1;
	classes = {
	};
	objectVersion = 56;
	objects = {

/* Begin PBXBuildFile section */
		484FD4B12A4F201600CF9F21 /* AppDelegate.swift in Sources */ = {isa = PBXBuildFile; fileRef = 484FD4B02A4F201600CF9F21 /* AppDelegate.swift */; };
		484FD4B32A4F201600CF9F21 /* SceneDelegate.swift in Sources */ = {isa = PBXBuildFile; fileRef = 484FD4B22A4F201600CF9F21 /* SceneDelegate.swift */; };
		484FD4B52A4F201600CF9F21 /* ViewController.swift in Sources */ = {isa = PBXBuildFile; fileRef = 484FD4B42A4F201600CF9F21 /* ViewController.swift */; };
		484FD4B82A4F201600CF9F21 /* Main.storyboard in Resources */ = {isa = PBXBuildFile; fileRef = 484FD4B62A4F201600CF9F21 /* Main.storyboard */; };
		484FD4BB2A4F201600CF9F21 /* sei_lah_lll.xcdatamodeld in Sources */ = {isa = PBXBuildFile; fileRef = 484FD4B92A4F201600CF9F21 /* sei_lah_lll.xcdatamodeld */; };
		484FD4BD2A4F201700CF9F21 /* Assets.xcassets in Resources */ = {isa = PBXBuildFile; fileRef = 484FD4BC2A4F201700CF9F21 /* Assets.xcassets */; };
		484FD4C02A4F201700CF9F21 /* LaunchScreen.storyboard in Resources */ = {isa = PBXBuildFile; fileRef = 484FD4BE2A4F201700CF9F21 /* LaunchScreen.storyboard */; };
/* End PBXBuildFile section */

/* Begin PBXFileReference section */
		484FD4AD2A4F201600CF9F21 /* sei lah lll.app */ = {isa = PBXFileReference; explicitFileType = wrapper.application; includeInIndex = 0; path = "sei lah lll.app"; sourceTree = BUILT_PRODUCTS_DIR; };
		484FD4B02A4F201600CF9F21 /* AppDelegate.swift */ = {isa = PBXFileReference; lastKnownFileType = sourcecode.swift; path = AppDelegate.swift; sourceTree = "<group>"; };
		484FD4B22A4F201600CF9F21 /* SceneDelegate.swift */ = {isa = PBXFileReference; lastKnownFileType = sourcecode.swift; path = SceneDelegate.swift; sourceTree = "<group>"; };
		484FD4B42A4F201600CF9F21 /* ViewController.swift */ = {isa = PBXFileReference; lastKnownFileType = sourcecode.swift; path = ViewController.swift; sourceTree = "<group>"; };
		484FD4B72A4F201600CF9F21 /* Base */ = {isa = PBXFileReference; lastKnownFileType = file.storyboard; name = Base; path = Base.lproj/Main.storyboard; sourceTree = "<group>"; };
		484FD4BA2A4F201600CF9F21 /* sei_lah_lll.xcdatamodel */ = {isa = PBXFileReference; lastKnownFileType = wrapper.xcdatamodel; path = sei_lah_lll.xcdatamodel; sourceTree = "<group>"; };
		484FD4BC2A4F201700CF9F21 /* Assets.xcassets */ = {isa = PBXFileReference; lastKnownFileType = folder.assetcatalog; path = Assets.xcassets; sourceTree = "<group>"; };
		484FD4BF2A4F201700CF9F21 /* Base */ = {isa = PBXFileReference; lastKnownFileType = file.storyboard; name = Base; path = Base.lproj/LaunchScreen.storyboard; sourceTree = "<group>"; };
		484FD4C12A4F201700CF9F21 /* Info.plist */ = {isa = PBXFileReference; lastKnownFileType = text.plist.xml; path = Info.plist; sourceTree = "<group>"; };
/* End PBXFileReference section */

/* Begin PBXFrameworksBuildPhase section */
		484FD4AA2A4F201600CF9F21 /* Frameworks */ = {
			isa = PBXFrameworksBuildPhase;
			buildActionMask = 2147483647;
			files = (
			);
			runOnlyForDeploymentPostprocessing = 0;
		};
/* End PBXFrameworksBuildPhase section */

/* Begin PBXGroup section */
		484FD4A42A4F201600CF9F21 = {
			isa = PBXGroup;
			children = (
				484FD4AF2A4F201600CF9F21 /* sei lah lll */,
				484FD4AE2A4F201600CF9F21 /* Products */,
			);
			sourceTree = "<group>";
		};
		484FD4AE2A4F201600CF9F21 /* Products */ = {
			isa = PBXGroup;
			children = (
				484FD4AD2A4F201600CF9F21 /* sei lah lll.app */,
			);
			name = Products;
			sourceTree = "<group>";
		};
		484FD4AF2A4F201600CF9F21 /* sei lah lll */ = {
			isa = PBXGroup;
			children = (
				484FD4B02A4F201600CF9F21 /* AppDelegate.swift */,
				484FD4B22A4F201600CF9F21 /* SceneDelegate.swift */,
				484FD4B42A4F201600CF9F21 /* ViewController.swift */,
				484FD4B62A4F201600CF9F21 /* Main.storyboard */,
				484FD4BC2A4F201700CF9F21 /* Assets.xcassets */,
				484FD4BE2A4F201700CF9F21 /* LaunchScreen.storyboard */,
				484FD4C12A4F201700CF9F21 /* Info.plist */,
				484FD4B92A4F201600CF9F21 /* sei_lah_lll.xcdatamodeld */,
			);
			path = "sei lah lll";
			sourceTree = "<group>";
		};
/* End PBXGroup section */

/* Begin PBXNativeTarget section */
		484FD4AC2A4F201600CF9F21 /* sei lah lll */ = {
			isa = PBXNativeTarget;
			buildConfigurationList = 484FD4C42A4F201700CF9F21 /* Build configuration list for PBXNativeTarget "sei lah lll" */;
			buildPhases = (
				484FD4A92A4F201600CF9F21 /* Sources */,
				484FD4AA2A4F201600CF9F21 /* Frameworks */,
				484FD4AB2A4F201600CF9F21 /* Resources */,
			);
			buildRules = (
			);
			dependencies = (
			);
			name = "sei lah lll";
			productName = "sei lah lll";
			productReference = 484FD4AD2A4F201600CF9F21 /* sei lah lll.app */;
			productType = "com.apple.product-type.application";
		};
/* End PBXNativeTarget section */

/* Begin PBXProject section */
		484FD4A52A4F201600CF9F21 /* Project object */ = {
			isa = PBXProject;
			attributes = {
				BuildIndependentTargetsInParallel = 1;
				LastSwiftUpdateCheck = 1430;
				LastUpgradeCheck = 1430;
				TargetAttributes = {
					484FD4AC2A4F201600CF9F21 = {
						CreatedOnToolsVersion = 14.3.1;
					};
				};
			};
			buildConfigurationList = 484FD4A82A4F201600CF9F21 /* Build configuration list for PBXProject "sei lah lll" */;
			compatibilityVersion = "Xcode 14.0";
			developmentRegion = en;
			hasScannedForEncodings = 0;
			knownRegions = (
				en,
				Base,
			);
			mainGroup = 484FD4A42A4F201600CF9F21;
			productRefGroup = 484FD4AE2A4F201600CF9F21 /* Products */;
			projectDirPath = "";
			projectRoot = "";
			targets = (
				484FD4AC2A4F201600CF9F21 /* sei lah lll */,
			);
		};
/* End PBXProject section */

/* Begin PBXResourcesBuildPhase section */
		484FD4AB2A4F201600CF9F21 /* Resources */ = {
			isa = PBXResourcesBuildPhase;
			buildActionMask = 2147483647;
			files = (
				484FD4C02A4F201700CF9F21 /* LaunchScreen.storyboard in Resources */,
				484FD4BD2A4F201700CF9F21 /* Assets.xcassets in Resources */,
				484FD4B82A4F201600CF9F21 /* Main.storyboard in Resources */,
			);
			runOnlyForDeploymentPostprocessing = 0;
		};
/* End PBXResourcesBuildPhase section */

/* Begin PBXSourcesBuildPhase section */
		484FD4A92A4F201600CF9F21 /* Sources */ = {
			isa = PBXSourcesBuildPhase;
			buildActionMask = 2147483647;
			files = (
				484FD4BB2A4F201600CF9F21 /* sei_lah_lll.xcdatamodeld in Sources */,
				484FD4B52A4F201600CF9F21 /* ViewController.swift in Sources */,
				484FD4B12A4F201600CF9F21 /* AppDelegate.swift in Sources */,
				484FD4B32A4F201600CF9F21 /* SceneDelegate.swift in Sources */,
			);
			runOnlyForDeploymentPostprocessing = 0;
		};
/* End PBXSourcesBuildPhase section */

/* Begin PBXVariantGroup section */
		484FD4B62A4F201600CF9F21 /* Main.storyboard */ = {
			isa = PBXVariantGroup;
			children = (
				484FD4B72A4F201600CF9F21 /* Base */,
			);
			name = Main.storyboard;
			sourceTree = "<group>";
		};
		484FD4BE2A4F201700CF9F21 /* LaunchScreen.storyboard */ = {
			isa = PBXVariantGroup;
			children = (
				484FD4BF2A4F201700CF9F21 /* Base */,
			);
			name = LaunchScreen.storyboard;
			sourceTree = "<group>";
		};
/* End PBXVariantGroup section */

/* Begin XCBuildConfiguration section */
		484FD4C22A4F201700CF9F21 /* Debug */ = {
			isa = XCBuildConfiguration;
			buildSettings = {
				ALWAYS_SEARCH_USER_PATHS = NO;
				CLANG_ANALYZER_NONNULL = YES;
				CLANG_ANALYZER_NUMBER_OBJECT_CONVERSION = YES_AGGRESSIVE;
				CLANG_CXX_LANGUAGE_STANDARD = "gnu++20";
				CLANG_ENABLE_MODULES = YES;
				CLANG_ENABLE_OBJC_ARC = YES;
				CLANG_ENABLE_OBJC_WEAK = YES;
				CLANG_WARN_BLOCK_CAPTURE_AUTORELEASING = YES;
				CLANG_WARN_BOOL_CONVERSION = YES;
				CLANG_WARN_COMMA = YES;
				CLANG_WARN_CONSTANT_CONVERSION = YES;
				CLANG_WARN_DEPRECATED_OBJC_IMPLEMENTATIONS = YES;
				CLANG_WARN_DIRECT_OBJC_ISA_USAGE = YES_ERROR;
				CLANG_WARN_DOCUMENTATION_COMMENTS = YES;
				CLANG_WARN_EMPTY_BODY = YES;
				CLANG_WARN_ENUM_CONVERSION = YES;
				CLANG_WARN_INFINITE_RECURSION = YES;
				CLANG_WARN_INT_CONVERSION = YES;
				CLANG_WARN_NON_LITERAL_NULL_CONVERSION = YES;
				CLANG_WARN_OBJC_IMPLICIT_RETAIN_SELF = YES;
				CLANG_WARN_OBJC_LITERAL_CONVERSION = YES;
				CLANG_WARN_OBJC_ROOT_CLASS = YES_ERROR;
				CLANG_WARN_QUOTED_INCLUDE_IN_FRAMEWORK_HEADER = YES;
				CLANG_WARN_RANGE_LOOP_ANALYSIS = YES;
				CLANG_WARN_STRICT_PROTOTYPES = YES;
				CLANG_WARN_SUSPICIOUS_MOVE = YES;
				CLANG_WARN_UNGUARDED_AVAILABILITY = YES_AGGRESSIVE;
				CLANG_WARN_UNREACHABLE_CODE = YES;
				CLANG_WARN__DUPLICATE_METHOD_MATCH = YES;
				COPY_PHASE_STRIP = NO;
				DEBUG_INFORMATION_FORMAT = dwarf;
				ENABLE_STRICT_OBJC_MSGSEND = YES;
				ENABLE_TESTABILITY = YES;
				GCC_C_LANGUAGE_STANDARD = gnu11;
				GCC_DYNAMIC_NO_PIC = NO;
				GCC_NO_COMMON_BLOCKS = YES;
				GCC_OPTIMIZATION_LEVEL = 0;
				GCC_PREPROCESSOR_DEFINITIONS = (
					"DEBUG=1",
					"$(inherited)",
				);
				GCC_WARN_64_TO_32_BIT_CONVERSION = YES;
				GCC_WARN_ABOUT_RETURN_TYPE = YES_ERROR;
				GCC_WARN_UNDECLARED_SELECTOR = YES;
				GCC_WARN_UNINITIALIZED_AUTOS = YES_AGGRESSIVE;
				GCC_WARN_UNUSED_FUNCTION = YES;
				GCC_WARN_UNUSED_VARIABLE = YES;
				IPHONEOS_DEPLOYMENT_TARGET = 16.4;
				MTL_ENABLE_DEBUG_INFO = INCLUDE_SOURCE;
				MTL_FAST_MATH = YES;
				ONLY_ACTIVE_ARCH = YES;
				SDKROOT = iphoneos;
				SWIFT_ACTIVE_COMPILATION_CONDITIONS = DEBUG;
				SWIFT_OPTIMIZATION_LEVEL = "-Onone";
			};
			name = Debug;
		};
		484FD4C32A4F201700CF9F21 /* Release */ = {
			isa = XCBuildConfiguration;
			buildSettings = {
				ALWAYS_SEARCH_USER_PATHS = NO;
				CLANG_ANALYZER_NONNULL = YES;
				CLANG_ANALYZER_NUMBER_OBJECT_CONVERSION = YES_AGGRESSIVE;
				CLANG_CXX_LANGUAGE_STANDARD = "gnu++20";
				CLANG_ENABLE_MODULES = YES;
				CLANG_ENABLE_OBJC_ARC = YES;
				CLANG_ENABLE_OBJC_WEAK = YES;
				CLANG_WARN_BLOCK_CAPTURE_AUTORELEASING = YES;
				CLANG_WARN_BOOL_CONVERSION = YES;
				CLANG_WARN_COMMA = YES;
				CLANG_WARN_CONSTANT_CONVERSION = YES;
				CLANG_WARN_DEPRECATED_OBJC_IMPLEMENTATIONS = YES;
				CLANG_WARN_DIRECT_OBJC_ISA_USAGE = YES_ERROR;
				CLANG_WARN_DOCUMENTATION_COMMENTS = YES;
				CLANG_WARN_EMPTY_BODY = YES;
				CLANG_WARN_ENUM_CONVERSION = YES;
				CLANG_WARN_INFINITE_RECURSION = YES;
				CLANG_WARN_INT_CONVERSION = YES;
				CLANG_WARN_NON_LITERAL_NULL_CONVERSION = YES;
				CLANG_WARN_OBJC_IMPLICIT_RETAIN_SELF = YES;
				CLANG_WARN_OBJC_LITERAL_CONVERSION = YES;
				CLANG_WARN_OBJC_ROOT_CLASS = YES_ERROR;
				CLANG_WARN_QUOTED_INCLUDE_IN_FRAMEWORK_HEADER = YES;
				CLANG_WARN_RANGE_LOOP_ANALYSIS = YES;
				CLANG_WARN_STRICT_PROTOTYPES = YES;
				CLANG_WARN_SUSPICIOUS_MOVE = YES;
				CLANG_WARN_UNGUARDED_AVAILABILITY = YES_AGGRESSIVE;
				CLANG_WARN_UNREACHABLE_CODE = YES;
				CLANG_WARN__DUPLICATE_METHOD_MATCH = YES;
				COPY_PHASE_STRIP = NO;
				DEBUG_INFORMATION_FORMAT = "dwarf-with-dsym";
				ENABLE_NS_ASSERTIONS = NO;
				ENABLE_STRICT_OBJC_MSGSEND = YES;
				GCC_C_LANGUAGE_STANDARD = gnu11;
				GCC_NO_COMMON_BLOCKS = YES;
				GCC_WARN_64_TO_32_BIT_CONVERSION = YES;
				GCC_WARN_ABOUT_RETURN_TYPE = YES_ERROR;
				GCC_WARN_UNDECLARED_SELECTOR = YES;
				GCC_WARN_UNINITIALIZED_AUTOS = YES_AGGRESSIVE;
				GCC_WARN_UNUSED_FUNCTION = YES;
				GCC_WARN_UNUSED_VARIABLE = YES;
				IPHONEOS_DEPLOYMENT_TARGET = 16.4;
				MTL_ENABLE_DEBUG_INFO = NO;
				MTL_FAST_MATH = YES;
				SDKROOT = iphoneos;
				SWIFT_COMPILATION_MODE = wholemodule;
				SWIFT_OPTIMIZATION_LEVEL = "-O";
				VALIDATE_PRODUCT = YES;
			};
			name = Release;
		};
		484FD4C52A4F201700CF9F21 /* Debug */ = {
			isa = XCBuildConfiguration;
			buildSettings = {
				ASSETCATALOG_COMPILER_APPICON_NAME = AppIcon;
				ASSETCATALOG_COMPILER_GLOBAL_ACCENT_COLOR_NAME = AccentColor;
				CODE_SIGN_STYLE = Automatic;
				CURRENT_PROJECT_VERSION = 1;
				DEVELOPMENT_TEAM = HT9NV9BAKV;
				GENERATE_INFOPLIST_FILE = YES;
				INFOPLIST_FILE = "sei lah lll/Info.plist";
				INFOPLIST_KEY_UIApplicationSupportsIndirectInputEvents = YES;
				INFOPLIST_KEY_UILaunchStoryboardName = LaunchScreen;
				INFOPLIST_KEY_UIMainStoryboardFile = Main;
				INFOPLIST_KEY_UISupportedInterfaceOrientations_iPad = "UIInterfaceOrientationPortrait UIInterfaceOrientationPortraitUpsideDown UIInterfaceOrientationLandscapeLeft UIInterfaceOrientationLandscapeRight";
				INFOPLIST_KEY_UISupportedInterfaceOrientations_iPhone = "UIInterfaceOrientationPortrait UIInterfaceOrientationLandscapeLeft UIInterfaceOrientationLandscapeRight";
				LD_RUNPATH_SEARCH_PATHS = (
					"$(inherited)",
					"@executable_path/Frameworks",
				);
				MARKETING_VERSION = 1.0;
				PRODUCT_BUNDLE_IDENTIFIER = "com.gabrielrossi.sei-lah-lll";
				PRODUCT_NAME = "$(TARGET_NAME)";
				SWIFT_EMIT_LOC_STRINGS = YES;
				SWIFT_VERSION = 5.0;
				TARGETED_DEVICE_FAMILY = "1,2";
			};
			name = Debug;
		};
		484FD4C62A4F201700CF9F21 /* Release */ = {
			isa = XCBuildConfiguration;
			buildSettings = {
				ASSETCATALOG_COMPILER_APPICON_NAME = AppIcon;
				ASSETCATALOG_COMPILER_GLOBAL_ACCENT_COLOR_NAME = AccentColor;
				CODE_SIGN_STYLE = Automatic;
				CURRENT_PROJECT_VERSION = 1;
				DEVELOPMENT_TEAM = HT9NV9BAKV;
				GENERATE_INFOPLIST_FILE = YES;
				INFOPLIST_FILE = "sei lah lll/Info.plist";
				INFOPLIST_KEY_UIApplicationSupportsIndirectInputEvents = YES;
				INFOPLIST_KEY_UILaunchStoryboardName = LaunchScreen;
				INFOPLIST_KEY_UIMainStoryboardFile = Main;
				INFOPLIST_KEY_UISupportedInterfaceOrientations_iPad = "UIInterfaceOrientationPortrait UIInterfaceOrientationPortraitUpsideDown UIInterfaceOrientationLandscapeLeft UIInterfaceOrientationLandscapeRight";
				INFOPLIST_KEY_UISupportedInterfaceOrientations_iPhone = "UIInterfaceOrientationPortrait UIInterfaceOrientationLandscapeLeft UIInterfaceOrientationLandscapeRight";
				LD_RUNPATH_SEARCH_PATHS = (
					"$(inherited)",
					"@executable_path/Frameworks",
				);
				MARKETING_VERSION = 1.0;
				PRODUCT_BUNDLE_IDENTIFIER = "com.gabrielrossi.sei-lah-lll";
				PRODUCT_NAME = "$(TARGET_NAME)";
				SWIFT_EMIT_LOC_STRINGS = YES;
				SWIFT_VERSION = 5.0;
				TARGETED_DEVICE_FAMILY = "1,2";
			};
			name = Release;
		};
/* End XCBuildConfiguration section */

/* Begin XCConfigurationList section */
		484FD4A82A4F201600CF9F21 /* Build configuration list for PBXProject "sei lah lll" */ = {
			isa = XCConfigurationList;
			buildConfigurations = (
				484FD4C22A4F201700CF9F21 /* Debug */,
				484FD4C32A4F201700CF9F21 /* Release */,
			);
			defaultConfigurationIsVisible = 0;
			defaultConfigurationName = Release;
		};
		484FD4C42A4F201700CF9F21 /* Build configuration list for PBXNativeTarget "sei lah lll" */ = {
			isa = XCConfigurationList;
			buildConfigurations = (
				484FD4C52A4F201700CF9F21 /* Debug */,
				484FD4C62A4F201700CF9F21 /* Release */,
			);
			defaultConfigurationIsVisible = 0;
			defaultConfigurationName = Release;
		};
/* End XCConfigurationList section */

/* Begin XCVersionGroup section */
		484FD4B92A4F201600CF9F21 /* sei_lah_lll.xcdatamodeld */ = {
			isa = XCVersionGroup;
			children = (
				484FD4BA2A4F201600CF9F21 /* sei_lah_lll.xcdatamodel */,
			);
			currentVersion = 484FD4BA2A4F201600CF9F21 /* sei_lah_lll.xcdatamodel */;
			path = sei_lah_lll.xcdatamodeld;
			sourceTree = "<group>";
			versionGroupType = wrapper.xcdatamodel;
		};
/* End XCVersionGroup section */
	};
	rootObject = 484FD4A52A4F201600CF9F21 /* Project object */;
}
