// !$*UTF8*$!
{
	archiveVersion = 1;
	classes = {
	};
	objectVersion = 56;
	objects = {

/* Begin PBXBuildFile section */
		489635492A7ECC8D00DF78B9 /* CoreData+Person.swift in Sources */ = {isa = PBXBuildFile; fileRef = 489635482A7ECC8D00DF78B9 /* CoreData+Person.swift */; };
		4896354B2A7ECCB000DF78B9 /* CoreData+PersonProperties.swift in Sources */ = {isa = PBXBuildFile; fileRef = 4896354A2A7ECCB000DF78B9 /* CoreData+PersonProperties.swift */; };
		48B3B67C2A5DFFDC00886048 /* AppDelegate.swift in Sources */ = {isa = PBXBuildFile; fileRef = 48B3B67B2A5DFFDC00886048 /* AppDelegate.swift */; };
		48B3B67E2A5DFFDC00886048 /* SceneDelegate.swift in Sources */ = {isa = PBXBuildFile; fileRef = 48B3B67D2A5DFFDC00886048 /* SceneDelegate.swift */; };
		48B3B6802A5DFFDC00886048 /* ViewController.swift in Sources */ = {isa = PBXBuildFile; fileRef = 48B3B67F2A5DFFDC00886048 /* ViewController.swift */; };
		48B3B6832A5DFFDC00886048 /* Main.storyboard in Resources */ = {isa = PBXBuildFile; fileRef = 48B3B6812A5DFFDC00886048 /* Main.storyboard */; };
		48B3B6862A5DFFDC00886048 /* UIKit_tableView.xcdatamodeld in Sources */ = {isa = PBXBuildFile; fileRef = 48B3B6842A5DFFDC00886048 /* UIKit_tableView.xcdatamodeld */; };
		48B3B6882A5DFFDD00886048 /* Assets.xcassets in Resources */ = {isa = PBXBuildFile; fileRef = 48B3B6872A5DFFDD00886048 /* Assets.xcassets */; };
		48B3B68B2A5DFFDD00886048 /* LaunchScreen.storyboard in Resources */ = {isa = PBXBuildFile; fileRef = 48B3B6892A5DFFDD00886048 /* LaunchScreen.storyboard */; };
		48B3B6952A5E066800886048 /* Data.swift in Sources */ = {isa = PBXBuildFile; fileRef = 48B3B6942A5E066800886048 /* Data.swift */; };
/* End PBXBuildFile section */

/* Begin PBXFileReference section */
		489635482A7ECC8D00DF78B9 /* CoreData+Person.swift */ = {isa = PBXFileReference; lastKnownFileType = sourcecode.swift; path = "CoreData+Person.swift"; sourceTree = "<group>"; };
		4896354A2A7ECCB000DF78B9 /* CoreData+PersonProperties.swift */ = {isa = PBXFileReference; lastKnownFileType = sourcecode.swift; path = "CoreData+PersonProperties.swift"; sourceTree = "<group>"; };
		48B3B6782A5DFFDC00886048 /* UIKit_tableView.app */ = {isa = PBXFileReference; explicitFileType = wrapper.application; includeInIndex = 0; path = UIKit_tableView.app; sourceTree = BUILT_PRODUCTS_DIR; };
		48B3B67B2A5DFFDC00886048 /* AppDelegate.swift */ = {isa = PBXFileReference; lastKnownFileType = sourcecode.swift; path = AppDelegate.swift; sourceTree = "<group>"; };
		48B3B67D2A5DFFDC00886048 /* SceneDelegate.swift */ = {isa = PBXFileReference; lastKnownFileType = sourcecode.swift; path = SceneDelegate.swift; sourceTree = "<group>"; };
		48B3B67F2A5DFFDC00886048 /* ViewController.swift */ = {isa = PBXFileReference; lastKnownFileType = sourcecode.swift; path = ViewController.swift; sourceTree = "<group>"; };
		48B3B6822A5DFFDC00886048 /* Base */ = {isa = PBXFileReference; lastKnownFileType = file.storyboard; name = Base; path = Base.lproj/Main.storyboard; sourceTree = "<group>"; };
		48B3B6852A5DFFDC00886048 /* UIKit_tableView.xcdatamodel */ = {isa = PBXFileReference; lastKnownFileType = wrapper.xcdatamodel; path = UIKit_tableView.xcdatamodel; sourceTree = "<group>"; };
		48B3B6872A5DFFDD00886048 /* Assets.xcassets */ = {isa = PBXFileReference; lastKnownFileType = folder.assetcatalog; path = Assets.xcassets; sourceTree = "<group>"; };
		48B3B68A2A5DFFDD00886048 /* Base */ = {isa = PBXFileReference; lastKnownFileType = file.storyboard; name = Base; path = Base.lproj/LaunchScreen.storyboard; sourceTree = "<group>"; };
		48B3B68C2A5DFFDD00886048 /* Info.plist */ = {isa = PBXFileReference; lastKnownFileType = text.plist.xml; path = Info.plist; sourceTree = "<group>"; };
		48B3B6942A5E066800886048 /* Data.swift */ = {isa = PBXFileReference; lastKnownFileType = sourcecode.swift; path = Data.swift; sourceTree = "<group>"; };
/* End PBXFileReference section */

/* Begin PBXFrameworksBuildPhase section */
		48B3B6752A5DFFDC00886048 /* Frameworks */ = {
			isa = PBXFrameworksBuildPhase;
			buildActionMask = 2147483647;
			files = (
			);
			runOnlyForDeploymentPostprocessing = 0;
		};
/* End PBXFrameworksBuildPhase section */

/* Begin PBXGroup section */
		48B3B66F2A5DFFDC00886048 = {
			isa = PBXGroup;
			children = (
				48B3B67A2A5DFFDC00886048 /* UIKit_tableView */,
				48B3B6792A5DFFDC00886048 /* Products */,
			);
			sourceTree = "<group>";
		};
		48B3B6792A5DFFDC00886048 /* Products */ = {
			isa = PBXGroup;
			children = (
				48B3B6782A5DFFDC00886048 /* UIKit_tableView.app */,
			);
			name = Products;
			sourceTree = "<group>";
		};
		48B3B67A2A5DFFDC00886048 /* UIKit_tableView */ = {
			isa = PBXGroup;
			children = (
				48B3B67B2A5DFFDC00886048 /* AppDelegate.swift */,
				489635482A7ECC8D00DF78B9 /* CoreData+Person.swift */,
				4896354A2A7ECCB000DF78B9 /* CoreData+PersonProperties.swift */,
				48B3B67D2A5DFFDC00886048 /* SceneDelegate.swift */,
				48B3B67F2A5DFFDC00886048 /* ViewController.swift */,
				48B3B6942A5E066800886048 /* Data.swift */,
				48B3B6812A5DFFDC00886048 /* Main.storyboard */,
				48B3B6872A5DFFDD00886048 /* Assets.xcassets */,
				48B3B6892A5DFFDD00886048 /* LaunchScreen.storyboard */,
				48B3B68C2A5DFFDD00886048 /* Info.plist */,
				48B3B6842A5DFFDC00886048 /* UIKit_tableView.xcdatamodeld */,
			);
			path = UIKit_tableView;
			sourceTree = "<group>";
		};
/* End PBXGroup section */

/* Begin PBXNativeTarget section */
		48B3B6772A5DFFDC00886048 /* UIKit_tableView */ = {
			isa = PBXNativeTarget;
			buildConfigurationList = 48B3B68F2A5DFFDD00886048 /* Build configuration list for PBXNativeTarget "UIKit_tableView" */;
			buildPhases = (
				48B3B6742A5DFFDC00886048 /* Sources */,
				48B3B6752A5DFFDC00886048 /* Frameworks */,
				48B3B6762A5DFFDC00886048 /* Resources */,
			);
			buildRules = (
			);
			dependencies = (
			);
			name = UIKit_tableView;
			productName = UIKit_tableView;
			productReference = 48B3B6782A5DFFDC00886048 /* UIKit_tableView.app */;
			productType = "com.apple.product-type.application";
		};
/* End PBXNativeTarget section */

/* Begin PBXProject section */
		48B3B6702A5DFFDC00886048 /* Project object */ = {
			isa = PBXProject;
			attributes = {
				BuildIndependentTargetsInParallel = 1;
				LastSwiftUpdateCheck = 1430;
				LastUpgradeCheck = 1430;
				TargetAttributes = {
					48B3B6772A5DFFDC00886048 = {
						CreatedOnToolsVersion = 14.3.1;
					};
				};
			};
			buildConfigurationList = 48B3B6732A5DFFDC00886048 /* Build configuration list for PBXProject "UIKit_tableView" */;
			compatibilityVersion = "Xcode 14.0";
			developmentRegion = en;
			hasScannedForEncodings = 0;
			knownRegions = (
				en,
				Base,
			);
			mainGroup = 48B3B66F2A5DFFDC00886048;
			productRefGroup = 48B3B6792A5DFFDC00886048 /* Products */;
			projectDirPath = "";
			projectRoot = "";
			targets = (
				48B3B6772A5DFFDC00886048 /* UIKit_tableView */,
			);
		};
/* End PBXProject section */

/* Begin PBXResourcesBuildPhase section */
		48B3B6762A5DFFDC00886048 /* Resources */ = {
			isa = PBXResourcesBuildPhase;
			buildActionMask = 2147483647;
			files = (
				48B3B68B2A5DFFDD00886048 /* LaunchScreen.storyboard in Resources */,
				48B3B6882A5DFFDD00886048 /* Assets.xcassets in Resources */,
				48B3B6832A5DFFDC00886048 /* Main.storyboard in Resources */,
			);
			runOnlyForDeploymentPostprocessing = 0;
		};
/* End PBXResourcesBuildPhase section */

/* Begin PBXSourcesBuildPhase section */
		48B3B6742A5DFFDC00886048 /* Sources */ = {
			isa = PBXSourcesBuildPhase;
			buildActionMask = 2147483647;
			files = (
				48B3B6952A5E066800886048 /* Data.swift in Sources */,
				48B3B6862A5DFFDC00886048 /* UIKit_tableView.xcdatamodeld in Sources */,
				48B3B6802A5DFFDC00886048 /* ViewController.swift in Sources */,
				489635492A7ECC8D00DF78B9 /* CoreData+Person.swift in Sources */,
				4896354B2A7ECCB000DF78B9 /* CoreData+PersonProperties.swift in Sources */,
				48B3B67C2A5DFFDC00886048 /* AppDelegate.swift in Sources */,
				48B3B67E2A5DFFDC00886048 /* SceneDelegate.swift in Sources */,
			);
			runOnlyForDeploymentPostprocessing = 0;
		};
/* End PBXSourcesBuildPhase section */

/* Begin PBXVariantGroup section */
		48B3B6812A5DFFDC00886048 /* Main.storyboard */ = {
			isa = PBXVariantGroup;
			children = (
				48B3B6822A5DFFDC00886048 /* Base */,
			);
			name = Main.storyboard;
			sourceTree = "<group>";
		};
		48B3B6892A5DFFDD00886048 /* LaunchScreen.storyboard */ = {
			isa = PBXVariantGroup;
			children = (
				48B3B68A2A5DFFDD00886048 /* Base */,
			);
			name = LaunchScreen.storyboard;
			sourceTree = "<group>";
		};
/* End PBXVariantGroup section */

/* Begin XCBuildConfiguration section */
		48B3B68D2A5DFFDD00886048 /* Debug */ = {
			isa = XCBuildConfiguration;
			buildSettings = {
				ALWAYS_SEARCH_USER_PATHS = NO;
				CLANG_ANALYZER_NONNULL = YES;
				CLANG_ANALYZER_NUMBER_OBJECT_CONVERSION = YES_AGGRESSIVE;
				CLANG_CXX_LANGUAGE_STANDARD = "gnu++20";
				CLANG_ENABLE_MODULES = YES;
				CLANG_ENABLE_OBJC_ARC = YES;
				CLANG_ENABLE_OBJC_WEAK = YES;
				CLANG_WARN_BLOCK_CAPTURE_AUTORELEASING = YES;
				CLANG_WARN_BOOL_CONVERSION = YES;
				CLANG_WARN_COMMA = YES;
				CLANG_WARN_CONSTANT_CONVERSION = YES;
				CLANG_WARN_DEPRECATED_OBJC_IMPLEMENTATIONS = YES;
				CLANG_WARN_DIRECT_OBJC_ISA_USAGE = YES_ERROR;
				CLANG_WARN_DOCUMENTATION_COMMENTS = YES;
				CLANG_WARN_EMPTY_BODY = YES;
				CLANG_WARN_ENUM_CONVERSION = YES;
				CLANG_WARN_INFINITE_RECURSION = YES;
				CLANG_WARN_INT_CONVERSION = YES;
				CLANG_WARN_NON_LITERAL_NULL_CONVERSION = YES;
				CLANG_WARN_OBJC_IMPLICIT_RETAIN_SELF = YES;
				CLANG_WARN_OBJC_LITERAL_CONVERSION = YES;
				CLANG_WARN_OBJC_ROOT_CLASS = YES_ERROR;
				CLANG_WARN_QUOTED_INCLUDE_IN_FRAMEWORK_HEADER = YES;
				CLANG_WARN_RANGE_LOOP_ANALYSIS = YES;
				CLANG_WARN_STRICT_PROTOTYPES = YES;
				CLANG_WARN_SUSPICIOUS_MOVE = YES;
				CLANG_WARN_UNGUARDED_AVAILABILITY = YES_AGGRESSIVE;
				CLANG_WARN_UNREACHABLE_CODE = YES;
				CLANG_WARN__DUPLICATE_METHOD_MATCH = YES;
				COPY_PHASE_STRIP = NO;
				DEBUG_INFORMATION_FORMAT = dwarf;
				ENABLE_STRICT_OBJC_MSGSEND = YES;
				ENABLE_TESTABILITY = YES;
				GCC_C_LANGUAGE_STANDARD = gnu11;
				GCC_DYNAMIC_NO_PIC = NO;
				GCC_NO_COMMON_BLOCKS = YES;
				GCC_OPTIMIZATION_LEVEL = 0;
				GCC_PREPROCESSOR_DEFINITIONS = (
					"DEBUG=1",
					"$(inherited)",
				);
				GCC_WARN_64_TO_32_BIT_CONVERSION = YES;
				GCC_WARN_ABOUT_RETURN_TYPE = YES_ERROR;
				GCC_WARN_UNDECLARED_SELECTOR = YES;
				GCC_WARN_UNINITIALIZED_AUTOS = YES_AGGRESSIVE;
				GCC_WARN_UNUSED_FUNCTION = YES;
				GCC_WARN_UNUSED_VARIABLE = YES;
				IPHONEOS_DEPLOYMENT_TARGET = 16.4;
				MTL_ENABLE_DEBUG_INFO = INCLUDE_SOURCE;
				MTL_FAST_MATH = YES;
				ONLY_ACTIVE_ARCH = YES;
				SDKROOT = iphoneos;
				SWIFT_ACTIVE_COMPILATION_CONDITIONS = DEBUG;
				SWIFT_OPTIMIZATION_LEVEL = "-Onone";
			};
			name = Debug;
		};
		48B3B68E2A5DFFDD00886048 /* Release */ = {
			isa = XCBuildConfiguration;
			buildSettings = {
				ALWAYS_SEARCH_USER_PATHS = NO;
				CLANG_ANALYZER_NONNULL = YES;
				CLANG_ANALYZER_NUMBER_OBJECT_CONVERSION = YES_AGGRESSIVE;
				CLANG_CXX_LANGUAGE_STANDARD = "gnu++20";
				CLANG_ENABLE_MODULES = YES;
				CLANG_ENABLE_OBJC_ARC = YES;
				CLANG_ENABLE_OBJC_WEAK = YES;
				CLANG_WARN_BLOCK_CAPTURE_AUTORELEASING = YES;
				CLANG_WARN_BOOL_CONVERSION = YES;
				CLANG_WARN_COMMA = YES;
				CLANG_WARN_CONSTANT_CONVERSION = YES;
				CLANG_WARN_DEPRECATED_OBJC_IMPLEMENTATIONS = YES;
				CLANG_WARN_DIRECT_OBJC_ISA_USAGE = YES_ERROR;
				CLANG_WARN_DOCUMENTATION_COMMENTS = YES;
				CLANG_WARN_EMPTY_BODY = YES;
				CLANG_WARN_ENUM_CONVERSION = YES;
				CLANG_WARN_INFINITE_RECURSION = YES;
				CLANG_WARN_INT_CONVERSION = YES;
				CLANG_WARN_NON_LITERAL_NULL_CONVERSION = YES;
				CLANG_WARN_OBJC_IMPLICIT_RETAIN_SELF = YES;
				CLANG_WARN_OBJC_LITERAL_CONVERSION = YES;
				CLANG_WARN_OBJC_ROOT_CLASS = YES_ERROR;
				CLANG_WARN_QUOTED_INCLUDE_IN_FRAMEWORK_HEADER = YES;
				CLANG_WARN_RANGE_LOOP_ANALYSIS = YES;
				CLANG_WARN_STRICT_PROTOTYPES = YES;
				CLANG_WARN_SUSPICIOUS_MOVE = YES;
				CLANG_WARN_UNGUARDED_AVAILABILITY = YES_AGGRESSIVE;
				CLANG_WARN_UNREACHABLE_CODE = YES;
				CLANG_WARN__DUPLICATE_METHOD_MATCH = YES;
				COPY_PHASE_STRIP = NO;
				DEBUG_INFORMATION_FORMAT = "dwarf-with-dsym";
				ENABLE_NS_ASSERTIONS = NO;
				ENABLE_STRICT_OBJC_MSGSEND = YES;
				GCC_C_LANGUAGE_STANDARD = gnu11;
				GCC_NO_COMMON_BLOCKS = YES;
				GCC_WARN_64_TO_32_BIT_CONVERSION = YES;
				GCC_WARN_ABOUT_RETURN_TYPE = YES_ERROR;
				GCC_WARN_UNDECLARED_SELECTOR = YES;
				GCC_WARN_UNINITIALIZED_AUTOS = YES_AGGRESSIVE;
				GCC_WARN_UNUSED_FUNCTION = YES;
				GCC_WARN_UNUSED_VARIABLE = YES;
				IPHONEOS_DEPLOYMENT_TARGET = 16.4;
				MTL_ENABLE_DEBUG_INFO = NO;
				MTL_FAST_MATH = YES;
				SDKROOT = iphoneos;
				SWIFT_COMPILATION_MODE = wholemodule;
				SWIFT_OPTIMIZATION_LEVEL = "-O";
				VALIDATE_PRODUCT = YES;
			};
			name = Release;
		};
		48B3B6902A5DFFDD00886048 /* Debug */ = {
			isa = XCBuildConfiguration;
			buildSettings = {
				ASSETCATALOG_COMPILER_APPICON_NAME = AppIcon;
				ASSETCATALOG_COMPILER_GLOBAL_ACCENT_COLOR_NAME = AccentColor;
				CODE_SIGN_STYLE = Automatic;
				CURRENT_PROJECT_VERSION = 1;
				DEVELOPMENT_TEAM = HT9NV9BAKV;
				GENERATE_INFOPLIST_FILE = YES;
				INFOPLIST_FILE = UIKit_tableView/Info.plist;
				INFOPLIST_KEY_UIApplicationSupportsIndirectInputEvents = YES;
				INFOPLIST_KEY_UILaunchStoryboardName = LaunchScreen;
				INFOPLIST_KEY_UIMainStoryboardFile = Main;
				INFOPLIST_KEY_UISupportedInterfaceOrientations_iPad = "UIInterfaceOrientationPortrait UIInterfaceOrientationPortraitUpsideDown UIInterfaceOrientationLandscapeLeft UIInterfaceOrientationLandscapeRight";
				INFOPLIST_KEY_UISupportedInterfaceOrientations_iPhone = "UIInterfaceOrientationPortrait UIInterfaceOrientationLandscapeLeft UIInterfaceOrientationLandscapeRight";
				LD_RUNPATH_SEARCH_PATHS = (
					"$(inherited)",
					"@executable_path/Frameworks",
				);
				MARKETING_VERSION = 1.0;
				PRODUCT_BUNDLE_IDENTIFIER = "com.gabrielrossi.UIKit-tableView";
				PRODUCT_NAME = "$(TARGET_NAME)";
				SWIFT_EMIT_LOC_STRINGS = YES;
				SWIFT_VERSION = 5.0;
				TARGETED_DEVICE_FAMILY = "1,2";
			};
			name = Debug;
		};
		48B3B6912A5DFFDD00886048 /* Release */ = {
			isa = XCBuildConfiguration;
			buildSettings = {
				ASSETCATALOG_COMPILER_APPICON_NAME = AppIcon;
				ASSETCATALOG_COMPILER_GLOBAL_ACCENT_COLOR_NAME = AccentColor;
				CODE_SIGN_STYLE = Automatic;
				CURRENT_PROJECT_VERSION = 1;
				DEVELOPMENT_TEAM = HT9NV9BAKV;
				GENERATE_INFOPLIST_FILE = YES;
				INFOPLIST_FILE = UIKit_tableView/Info.plist;
				INFOPLIST_KEY_UIApplicationSupportsIndirectInputEvents = YES;
				INFOPLIST_KEY_UILaunchStoryboardName = LaunchScreen;
				INFOPLIST_KEY_UIMainStoryboardFile = Main;
				INFOPLIST_KEY_UISupportedInterfaceOrientations_iPad = "UIInterfaceOrientationPortrait UIInterfaceOrientationPortraitUpsideDown UIInterfaceOrientationLandscapeLeft UIInterfaceOrientationLandscapeRight";
				INFOPLIST_KEY_UISupportedInterfaceOrientations_iPhone = "UIInterfaceOrientationPortrait UIInterfaceOrientationLandscapeLeft UIInterfaceOrientationLandscapeRight";
				LD_RUNPATH_SEARCH_PATHS = (
					"$(inherited)",
					"@executable_path/Frameworks",
				);
				MARKETING_VERSION = 1.0;
				PRODUCT_BUNDLE_IDENTIFIER = "com.gabrielrossi.UIKit-tableView";
				PRODUCT_NAME = "$(TARGET_NAME)";
				SWIFT_EMIT_LOC_STRINGS = YES;
				SWIFT_VERSION = 5.0;
				TARGETED_DEVICE_FAMILY = "1,2";
			};
			name = Release;
		};
/* End XCBuildConfiguration section */

/* Begin XCConfigurationList section */
		48B3B6732A5DFFDC00886048 /* Build configuration list for PBXProject "UIKit_tableView" */ = {
			isa = XCConfigurationList;
			buildConfigurations = (
				48B3B68D2A5DFFDD00886048 /* Debug */,
				48B3B68E2A5DFFDD00886048 /* Release */,
			);
			defaultConfigurationIsVisible = 0;
			defaultConfigurationName = Release;
		};
		48B3B68F2A5DFFDD00886048 /* Build configuration list for PBXNativeTarget "UIKit_tableView" */ = {
			isa = XCConfigurationList;
			buildConfigurations = (
				48B3B6902A5DFFDD00886048 /* Debug */,
				48B3B6912A5DFFDD00886048 /* Release */,
			);
			defaultConfigurationIsVisible = 0;
			defaultConfigurationName = Release;
		};
/* End XCConfigurationList section */

/* Begin XCVersionGroup section */
		48B3B6842A5DFFDC00886048 /* UIKit_tableView.xcdatamodeld */ = {
			isa = XCVersionGroup;
			children = (
				48B3B6852A5DFFDC00886048 /* UIKit_tableView.xcdatamodel */,
			);
			currentVersion = 48B3B6852A5DFFDC00886048 /* UIKit_tableView.xcdatamodel */;
			path = UIKit_tableView.xcdatamodeld;
			sourceTree = "<group>";
			versionGroupType = wrapper.xcdatamodel;
		};
/* End XCVersionGroup section */
	};
	rootObject = 48B3B6702A5DFFDC00886048 /* Project object */;
}
